
Microsoft Visual Studio Solution File, Format Version 12.00
# Visual Studio Version 17
VisualStudioVersion = 17.3.32825.248
MinimumVisualStudioVersion = 10.0.40219.1
Project("{FAE04EC0-301F-11D3-BF4B-00C04F79EFBC}") = "ACT1_LAYOUTS_16septembre", "ACT1_LAYOUTS_16septembre\ACT1_LAYOUTS_16septembre.csproj", "{DD1F8B2A-09C5-429C-927A-5BC1DA452DFA}"
EndProject
Global
	GlobalSection(SolutionConfigurationPlatforms) = preSolution
		Debug|Any CPU = Debug|Any CPU
		Release|Any CPU = Release|Any CPU
	EndGlobalSection
	GlobalSection(ProjectConfigurationPlatforms) = postSolution
		{DD1F8B2A-09C5-429C-927A-5BC1DA452DFA}.Debug|Any CPU.ActiveCfg = Debug|Any CPU
		{DD1F8B2A-09C5-429C-927A-5BC1DA452DFA}.Debug|Any CPU.Build.0 = Debug|Any CPU
		{DD1F8B2A-09C5-429C-927A-5BC1DA452DFA}.Release|Any CPU.ActiveCfg = Release|Any CPU
		{DD1F8B2A-09C5-429C-927A-5BC1DA452DFA}.Release|Any CPU.Build.0 = Release|Any CPU
	EndGlobalSection
	GlobalSection(SolutionProperties) = preSolution
		HideSolutionNode = FALSE
	EndGlobalSection
	GlobalSection(ExtensibilityGlobals) = postSolution
		SolutionGuid = {8FEA7423-50BC-4715-B13F-E0329FB8ADBE}
	EndGlobalSection
EndGlobal
